{
  "name": "ajs-node",
  "version": "1.0.0",
  "lockfileVersion": 1,
  "requires": true,
  "dependencies": {
    "@ekaterina-bogdanova/ajs": {
      "version": "1.0.0",
      "resolved": "https://npm.pkg.github.com/download/@ekaterina-bogdanova/ajs/1.0.0/220557c11a2d3b67e8cc991cbdb30d0730d7840ce615989e8fb757f78d565c3b",
      "integrity": "sha512-RZrEdcRuHXEI3U5yjmaKZPP/rrLaZC9AcpY4cTm0hiifWuT9pO43JU+54owDdNL+5s/wZYj1DG+06OvckHHPig=="
    }
  }
}
